
Microsoft Visual Studio Solution File, Format Version 12.00
Project("{2150E333-8FDC-42A3-9474-1A3956D46DE8}") = "Services", "Services", "{CBAEC2E4-9CFF-4F9C-9379-2CB78AC004AA}"
EndProject
Project("{2150E333-8FDC-42A3-9474-1A3956D46DE8}") = "Catalog", "Catalog", "{CD9E439F-2C5B-4144-A962-98232CCDEE0E}"
EndProject
Project("{FAE04EC0-301F-11D3-BF4B-00C04F79EFBC}") = "Catalog.API", "Services\Catalog\Catalog.API\Catalog.API.csproj", "{6B886FC1-CF3C-4692-BFE9-31E8BAD12FC4}"
EndProject
Project("{FAE04EC0-301F-11D3-BF4B-00C04F79EFBC}") = "Catalog.Application", "Services\Catalog\Catalog.Application\Catalog.Application.csproj", "{7E83890F-E3BA-4019-BB32-8FA6905C9A2A}"
EndProject
Project("{FAE04EC0-301F-11D3-BF4B-00C04F79EFBC}") = "Catalog.Core", "Services\Catalog\Catalog.Core\Catalog.Core.csproj", "{2B465F2C-487F-4006-B8D0-273CDE05C425}"
EndProject
Project("{FAE04EC0-301F-11D3-BF4B-00C04F79EFBC}") = "Catalog.Infrastructure", "Services\Catalog\Catalog.Infrastructure\Catalog.Infrastructure.csproj", "{D5B5CE21-8AB2-4EC1-9E3E-E28025B871FB}"
EndProject
Project("{E53339B2-1760-4266-BCC7-CA923CBCF16C}") = "docker-compose", "docker-compose.dcproj", "{A92412CF-0A07-452C-9DCF-EF3F436F8FA8}"
EndProject
Global
	GlobalSection(SolutionConfigurationPlatforms) = preSolution
		Debug|Any CPU = Debug|Any CPU
		Release|Any CPU = Release|Any CPU
	EndGlobalSection
	GlobalSection(NestedProjects) = preSolution
		{CD9E439F-2C5B-4144-A962-98232CCDEE0E} = {CBAEC2E4-9CFF-4F9C-9379-2CB78AC004AA}
		{6B886FC1-CF3C-4692-BFE9-31E8BAD12FC4} = {CD9E439F-2C5B-4144-A962-98232CCDEE0E}
		{7E83890F-E3BA-4019-BB32-8FA6905C9A2A} = {CD9E439F-2C5B-4144-A962-98232CCDEE0E}
		{2B465F2C-487F-4006-B8D0-273CDE05C425} = {CD9E439F-2C5B-4144-A962-98232CCDEE0E}
		{D5B5CE21-8AB2-4EC1-9E3E-E28025B871FB} = {CD9E439F-2C5B-4144-A962-98232CCDEE0E}
	EndGlobalSection
	GlobalSection(ProjectConfigurationPlatforms) = postSolution
		{6B886FC1-CF3C-4692-BFE9-31E8BAD12FC4}.Debug|Any CPU.ActiveCfg = Debug|Any CPU
		{6B886FC1-CF3C-4692-BFE9-31E8BAD12FC4}.Debug|Any CPU.Build.0 = Debug|Any CPU
		{6B886FC1-CF3C-4692-BFE9-31E8BAD12FC4}.Release|Any CPU.ActiveCfg = Release|Any CPU
		{6B886FC1-CF3C-4692-BFE9-31E8BAD12FC4}.Release|Any CPU.Build.0 = Release|Any CPU
		{7E83890F-E3BA-4019-BB32-8FA6905C9A2A}.Debug|Any CPU.ActiveCfg = Debug|Any CPU
		{7E83890F-E3BA-4019-BB32-8FA6905C9A2A}.Debug|Any CPU.Build.0 = Debug|Any CPU
		{7E83890F-E3BA-4019-BB32-8FA6905C9A2A}.Release|Any CPU.ActiveCfg = Release|Any CPU
		{7E83890F-E3BA-4019-BB32-8FA6905C9A2A}.Release|Any CPU.Build.0 = Release|Any CPU
		{2B465F2C-487F-4006-B8D0-273CDE05C425}.Debug|Any CPU.ActiveCfg = Debug|Any CPU
		{2B465F2C-487F-4006-B8D0-273CDE05C425}.Debug|Any CPU.Build.0 = Debug|Any CPU
		{2B465F2C-487F-4006-B8D0-273CDE05C425}.Release|Any CPU.ActiveCfg = Release|Any CPU
		{2B465F2C-487F-4006-B8D0-273CDE05C425}.Release|Any CPU.Build.0 = Release|Any CPU
		{D5B5CE21-8AB2-4EC1-9E3E-E28025B871FB}.Debug|Any CPU.ActiveCfg = Debug|Any CPU
		{D5B5CE21-8AB2-4EC1-9E3E-E28025B871FB}.Debug|Any CPU.Build.0 = Debug|Any CPU
		{D5B5CE21-8AB2-4EC1-9E3E-E28025B871FB}.Release|Any CPU.ActiveCfg = Release|Any CPU
		{D5B5CE21-8AB2-4EC1-9E3E-E28025B871FB}.Release|Any CPU.Build.0 = Release|Any CPU
	EndGlobalSection
EndGlobal
